// !$*UTF8*$!
{
	archiveVersion = 1;
	classes = {
	};
	objectVersion = 77;
	objects = {

/* Begin PBXBuildFile section */
		8C29E53A2E05EDE900E7ADD8 /* AppDelegate.swift in Sources */ = {isa = PBXBuildFile; fileRef = 8C29E5392E05EDE900E7ADD8 /* AppDelegate.swift */; };
		8C29E53C2E05EDE900E7ADD8 /* SceneDelegate.swift in Sources */ = {isa = PBXBuildFile; fileRef = 8C29E53B2E05EDE900E7ADD8 /* SceneDelegate.swift */; };
		8C29E53F2E05EDE900E7ADD8 /* LaunchScreen.storyboard in Resources */ = {isa = PBXBuildFile; fileRef = 8C29E53D2E05EDE900E7ADD8 /* LaunchScreen.storyboard */; };
		8C29E5422E05EDE900E7ADD8 /* Main.storyboard in Resources */ = {isa = PBXBuildFile; fileRef = 8C29E5402E05EDE900E7ADD8 /* Main.storyboard */; };
		8C29E54B2E05EDE900E7ADD8 /* AppDelegate.swift in Sources */ = {isa = PBXBuildFile; fileRef = 8C29E54A2E05EDE900E7ADD8 /* AppDelegate.swift */; };
		8C29E54E2E05EDE900E7ADD8 /* Main.storyboard in Resources */ = {isa = PBXBuildFile; fileRef = 8C29E54C2E05EDE900E7ADD8 /* Main.storyboard */; };
		8C29E5552E05EDE900E7ADD8 /* Extension.appex in Embed Foundation Extensions */ = {isa = PBXBuildFile; fileRef = 8C29E5542E05EDE900E7ADD8 /* Extension.appex */; settings = {ATTRIBUTES = (RemoveHeadersOnCopy, ); }; };
		8C29E55F2E05EDE900E7ADD8 /* Extension.appex in Embed Foundation Extensions */ = {isa = PBXBuildFile; fileRef = 8C29E55E2E05EDE900E7ADD8 /* Extension.appex */; settings = {ATTRIBUTES = (RemoveHeadersOnCopy, ); }; };
		8C29E5642E05EDE900E7ADD8 /* Main.html in Resources */ = {isa = PBXBuildFile; fileRef = 8C29E5292E05EDE800E7ADD8 /* Main.html */; };
		8C29E5652E05EDE900E7ADD8 /* Main.html in Resources */ = {isa = PBXBuildFile; fileRef = 8C29E5292E05EDE800E7ADD8 /* Main.html */; };
		8C29E5662E05EDE900E7ADD8 /* Icon.png in Resources */ = {isa = PBXBuildFile; fileRef = 8C29E52B2E05EDE800E7ADD8 /* Icon.png */; };
		8C29E5672E05EDE900E7ADD8 /* Icon.png in Resources */ = {isa = PBXBuildFile; fileRef = 8C29E52B2E05EDE800E7ADD8 /* Icon.png */; };
		8C29E5682E05EDE900E7ADD8 /* Style.css in Resources */ = {isa = PBXBuildFile; fileRef = 8C29E52C2E05EDE800E7ADD8 /* Style.css */; };
		8C29E5692E05EDE900E7ADD8 /* Style.css in Resources */ = {isa = PBXBuildFile; fileRef = 8C29E52C2E05EDE800E7ADD8 /* Style.css */; };
		8C29E56A2E05EDE900E7ADD8 /* Script.js in Resources */ = {isa = PBXBuildFile; fileRef = 8C29E52D2E05EDE800E7ADD8 /* Script.js */; };
		8C29E56B2E05EDE900E7ADD8 /* Script.js in Resources */ = {isa = PBXBuildFile; fileRef = 8C29E52D2E05EDE800E7ADD8 /* Script.js */; };
		8C29E56C2E05EDE900E7ADD8 /* ViewController.swift in Sources */ = {isa = PBXBuildFile; fileRef = 8C29E52E2E05EDE800E7ADD8 /* ViewController.swift */; };
		8C29E56D2E05EDE900E7ADD8 /* ViewController.swift in Sources */ = {isa = PBXBuildFile; fileRef = 8C29E52E2E05EDE800E7ADD8 /* ViewController.swift */; };
		8C29E56E2E05EDE900E7ADD8 /* Assets.xcassets in Resources */ = {isa = PBXBuildFile; fileRef = 8C29E52F2E05EDE900E7ADD8 /* Assets.xcassets */; };
		8C29E56F2E05EDE900E7ADD8 /* Assets.xcassets in Resources */ = {isa = PBXBuildFile; fileRef = 8C29E52F2E05EDE900E7ADD8 /* Assets.xcassets */; };
		8C29E5702E05EDE900E7ADD8 /* SafariWebExtensionHandler.swift in Sources */ = {isa = PBXBuildFile; fileRef = 8C29E5312E05EDE900E7ADD8 /* SafariWebExtensionHandler.swift */; };
		8C29E5712E05EDE900E7ADD8 /* SafariWebExtensionHandler.swift in Sources */ = {isa = PBXBuildFile; fileRef = 8C29E5312E05EDE900E7ADD8 /* SafariWebExtensionHandler.swift */; };
		8C29E58A2E05EDE900E7ADD8 /* popup.js in Resources */ = {isa = PBXBuildFile; fileRef = 8C29E5832E05EDE900E7ADD8 /* popup.js */; };
		8C29E58B2E05EDE900E7ADD8 /* popup.html in Resources */ = {isa = PBXBuildFile; fileRef = 8C29E5842E05EDE900E7ADD8 /* popup.html */; };
		8C29E58C2E05EDE900E7ADD8 /* readme.md in Resources */ = {isa = PBXBuildFile; fileRef = 8C29E5852E05EDE900E7ADD8 /* readme.md */; };
		8C29E58E2E05EDE900E7ADD8 /* main.js in Resources */ = {isa = PBXBuildFile; fileRef = 8C29E5872E05EDE900E7ADD8 /* main.js */; };
		8C29E58F2E05EDE900E7ADD8 /* manifest.json in Resources */ = {isa = PBXBuildFile; fileRef = 8C29E5882E05EDE900E7ADD8 /* manifest.json */; };
		8C29E5902E05EDE900E7ADD8 /* assets in Resources */ = {isa = PBXBuildFile; fileRef = 8C29E5892E05EDE900E7ADD8 /* assets */; };
		8C29E5912E05EDE900E7ADD8 /* popup.js in Resources */ = {isa = PBXBuildFile; fileRef = 8C29E5832E05EDE900E7ADD8 /* popup.js */; };
		8C29E5922E05EDE900E7ADD8 /* popup.html in Resources */ = {isa = PBXBuildFile; fileRef = 8C29E5842E05EDE900E7ADD8 /* popup.html */; };
		8C29E5932E05EDE900E7ADD8 /* readme.md in Resources */ = {isa = PBXBuildFile; fileRef = 8C29E5852E05EDE900E7ADD8 /* readme.md */; };
		8C29E5952E05EDE900E7ADD8 /* main.js in Resources */ = {isa = PBXBuildFile; fileRef = 8C29E5872E05EDE900E7ADD8 /* main.js */; };
		8C29E5962E05EDE900E7ADD8 /* manifest.json in Resources */ = {isa = PBXBuildFile; fileRef = 8C29E5882E05EDE900E7ADD8 /* manifest.json */; };
		8C29E5972E05EDE900E7ADD8 /* assets in Resources */ = {isa = PBXBuildFile; fileRef = 8C29E5892E05EDE900E7ADD8 /* assets */; };
/* End PBXBuildFile section */

/* Begin PBXContainerItemProxy section */
		8C29E5562E05EDE900E7ADD8 /* PBXContainerItemProxy */ = {
			isa = PBXContainerItemProxy;
			containerPortal = 8C29E5232E05EDE800E7ADD8 /* Project object */;
			proxyType = 1;
			remoteGlobalIDString = 8C29E5532E05EDE900E7ADD8;
			remoteInfo = "Kumify Extension (iOS)";
		};
		8C29E5602E05EDE900E7ADD8 /* PBXContainerItemProxy */ = {
			isa = PBXContainerItemProxy;
			containerPortal = 8C29E5232E05EDE800E7ADD8 /* Project object */;
			proxyType = 1;
			remoteGlobalIDString = 8C29E55D2E05EDE900E7ADD8;
			remoteInfo = "Kumify Extension (macOS)";
		};
/* End PBXContainerItemProxy section */

/* Begin PBXCopyFilesBuildPhase section */
		8C29E5772E05EDE900E7ADD8 /* Embed Foundation Extensions */ = {
			isa = PBXCopyFilesBuildPhase;
			buildActionMask = 2147483647;
			dstPath = "";
			dstSubfolderSpec = 13;
			files = (
				8C29E5552E05EDE900E7ADD8 /* Extension.appex in Embed Foundation Extensions */,
			);
			name = "Embed Foundation Extensions";
			runOnlyForDeploymentPostprocessing = 0;
		};
		8C29E57E2E05EDE900E7ADD8 /* Embed Foundation Extensions */ = {
			isa = PBXCopyFilesBuildPhase;
			buildActionMask = 2147483647;
			dstPath = "";
			dstSubfolderSpec = 13;
			files = (
				8C29E55F2E05EDE900E7ADD8 /* Extension.appex in Embed Foundation Extensions */,
			);
			name = "Embed Foundation Extensions";
			runOnlyForDeploymentPostprocessing = 0;
		};
/* End PBXCopyFilesBuildPhase section */

/* Begin PBXFileReference section */
		8C29E52A2E05EDE800E7ADD8 /* Base */ = {isa = PBXFileReference; lastKnownFileType = text.html; name = Base; path = Base.lproj/Main.html; sourceTree = "<group>"; };
		8C29E52B2E05EDE800E7ADD8 /* Icon.png */ = {isa = PBXFileReference; lastKnownFileType = image.png; path = Icon.png; sourceTree = "<group>"; };
		8C29E52C2E05EDE800E7ADD8 /* Style.css */ = {isa = PBXFileReference; lastKnownFileType = text.css; path = Style.css; sourceTree = "<group>"; };
		8C29E52D2E05EDE800E7ADD8 /* Script.js */ = {isa = PBXFileReference; lastKnownFileType = sourcecode.javascript; path = Script.js; sourceTree = "<group>"; };
		8C29E52E2E05EDE800E7ADD8 /* ViewController.swift */ = {isa = PBXFileReference; lastKnownFileType = sourcecode.swift; path = ViewController.swift; sourceTree = "<group>"; };
		8C29E52F2E05EDE900E7ADD8 /* Assets.xcassets */ = {isa = PBXFileReference; lastKnownFileType = folder.assetcatalog; path = Assets.xcassets; sourceTree = "<group>"; };
		8C29E5312E05EDE900E7ADD8 /* SafariWebExtensionHandler.swift */ = {isa = PBXFileReference; lastKnownFileType = sourcecode.swift; path = SafariWebExtensionHandler.swift; sourceTree = "<group>"; };
		8C29E5362E05EDE900E7ADD8 /* Kumify.app */ = {isa = PBXFileReference; explicitFileType = wrapper.application; includeInIndex = 0; path = Kumify.app; sourceTree = BUILT_PRODUCTS_DIR; };
		8C29E5392E05EDE900E7ADD8 /* AppDelegate.swift */ = {isa = PBXFileReference; lastKnownFileType = sourcecode.swift; path = AppDelegate.swift; sourceTree = "<group>"; };
		8C29E53B2E05EDE900E7ADD8 /* SceneDelegate.swift */ = {isa = PBXFileReference; lastKnownFileType = sourcecode.swift; path = SceneDelegate.swift; sourceTree = "<group>"; };
		8C29E53E2E05EDE900E7ADD8 /* Base */ = {isa = PBXFileReference; lastKnownFileType = file.storyboard; name = Base; path = Base.lproj/LaunchScreen.storyboard; sourceTree = "<group>"; };
		8C29E5412E05EDE900E7ADD8 /* Base */ = {isa = PBXFileReference; lastKnownFileType = file.storyboard; name = Base; path = Base.lproj/Main.storyboard; sourceTree = "<group>"; };
		8C29E5432E05EDE900E7ADD8 /* Info.plist */ = {isa = PBXFileReference; lastKnownFileType = text.plist.xml; path = Info.plist; sourceTree = "<group>"; };
		8C29E5482E05EDE900E7ADD8 /* Kumify.app */ = {isa = PBXFileReference; explicitFileType = wrapper.application; includeInIndex = 0; path = Kumify.app; sourceTree = BUILT_PRODUCTS_DIR; };
		8C29E54A2E05EDE900E7ADD8 /* AppDelegate.swift */ = {isa = PBXFileReference; lastKnownFileType = sourcecode.swift; path = AppDelegate.swift; sourceTree = "<group>"; };
		8C29E54D2E05EDE900E7ADD8 /* Base */ = {isa = PBXFileReference; lastKnownFileType = file.storyboard; name = Base; path = Base.lproj/Main.storyboard; sourceTree = "<group>"; };
		8C29E54F2E05EDE900E7ADD8 /* Info.plist */ = {isa = PBXFileReference; lastKnownFileType = text.plist.xml; path = Info.plist; sourceTree = "<group>"; };
		8C29E5542E05EDE900E7ADD8 /* Extension.appex */ = {isa = PBXFileReference; explicitFileType = "wrapper.app-extension"; includeInIndex = 0; path = Extension.appex; sourceTree = BUILT_PRODUCTS_DIR; };
		8C29E5592E05EDE900E7ADD8 /* Info.plist */ = {isa = PBXFileReference; lastKnownFileType = text.plist.xml; path = Info.plist; sourceTree = "<group>"; };
		8C29E55E2E05EDE900E7ADD8 /* Extension.appex */ = {isa = PBXFileReference; explicitFileType = "wrapper.app-extension"; includeInIndex = 0; path = Extension.appex; sourceTree = BUILT_PRODUCTS_DIR; };
		8C29E5632E05EDE900E7ADD8 /* Info.plist */ = {isa = PBXFileReference; lastKnownFileType = text.plist.xml; path = Info.plist; sourceTree = "<group>"; };
		8C29E5832E05EDE900E7ADD8 /* popup.js */ = {isa = PBXFileReference; lastKnownFileType = sourcecode.javascript; name = popup.js; path = ../../popup.js; sourceTree = "<group>"; };
		8C29E5842E05EDE900E7ADD8 /* popup.html */ = {isa = PBXFileReference; lastKnownFileType = text.html; name = popup.html; path = ../../popup.html; sourceTree = "<group>"; };
		8C29E5852E05EDE900E7ADD8 /* readme.md */ = {isa = PBXFileReference; lastKnownFileType = net.daringfireball.markdown; name = readme.md; path = ../../readme.md; sourceTree = "<group>"; };
		8C29E5872E05EDE900E7ADD8 /* main.js */ = {isa = PBXFileReference; lastKnownFileType = sourcecode.javascript; name = main.js; path = ../../main.js; sourceTree = "<group>"; };
		8C29E5882E05EDE900E7ADD8 /* manifest.json */ = {isa = PBXFileReference; lastKnownFileType = text.json; name = manifest.json; path = ../../manifest.json; sourceTree = "<group>"; };
		8C29E5892E05EDE900E7ADD8 /* assets */ = {isa = PBXFileReference; lastKnownFileType = folder; name = assets; path = ../../assets; sourceTree = "<group>"; };
/* End PBXFileReference section */

/* Begin PBXFrameworksBuildPhase section */
		8C29E5332E05EDE900E7ADD8 /* Frameworks */ = {
			isa = PBXFrameworksBuildPhase;
			buildActionMask = 2147483647;
			files = (
			);
			runOnlyForDeploymentPostprocessing = 0;
		};
		8C29E5452E05EDE900E7ADD8 /* Frameworks */ = {
			isa = PBXFrameworksBuildPhase;
			buildActionMask = 2147483647;
			files = (
			);
			runOnlyForDeploymentPostprocessing = 0;
		};
		8C29E5512E05EDE900E7ADD8 /* Frameworks */ = {
			isa = PBXFrameworksBuildPhase;
			buildActionMask = 2147483647;
			files = (
			);
			runOnlyForDeploymentPostprocessing = 0;
		};
		8C29E55B2E05EDE900E7ADD8 /* Frameworks */ = {
			isa = PBXFrameworksBuildPhase;
			buildActionMask = 2147483647;
			files = (
			);
			runOnlyForDeploymentPostprocessing = 0;
		};
/* End PBXFrameworksBuildPhase section */

/* Begin PBXGroup section */
		8C29E5222E05EDE800E7ADD8 = {
			isa = PBXGroup;
			children = (
				8C29E5272E05EDE800E7ADD8 /* Shared (App) */,
				8C29E5302E05EDE900E7ADD8 /* Shared (Extension) */,
				8C29E5382E05EDE900E7ADD8 /* iOS (App) */,
				8C29E5492E05EDE900E7ADD8 /* macOS (App) */,
				8C29E5582E05EDE900E7ADD8 /* iOS (Extension) */,
				8C29E5622E05EDE900E7ADD8 /* macOS (Extension) */,
				8C29E5372E05EDE900E7ADD8 /* Products */,
			);
			sourceTree = "<group>";
		};
		8C29E5272E05EDE800E7ADD8 /* Shared (App) */ = {
			isa = PBXGroup;
			children = (
				8C29E52E2E05EDE800E7ADD8 /* ViewController.swift */,
				8C29E52F2E05EDE900E7ADD8 /* Assets.xcassets */,
				8C29E5282E05EDE800E7ADD8 /* Resources */,
			);
			path = "Shared (App)";
			sourceTree = "<group>";
		};
		8C29E5282E05EDE800E7ADD8 /* Resources */ = {
			isa = PBXGroup;
			children = (
				8C29E5292E05EDE800E7ADD8 /* Main.html */,
				8C29E52B2E05EDE800E7ADD8 /* Icon.png */,
				8C29E52C2E05EDE800E7ADD8 /* Style.css */,
				8C29E52D2E05EDE800E7ADD8 /* Script.js */,
			);
			path = Resources;
			sourceTree = "<group>";
		};
		8C29E5302E05EDE900E7ADD8 /* Shared (Extension) */ = {
			isa = PBXGroup;
			children = (
				8C29E5822E05EDE900E7ADD8 /* Resources */,
				8C29E5312E05EDE900E7ADD8 /* SafariWebExtensionHandler.swift */,
			);
			path = "Shared (Extension)";
			sourceTree = "<group>";
		};
		8C29E5372E05EDE900E7ADD8 /* Products */ = {
			isa = PBXGroup;
			children = (
				8C29E5362E05EDE900E7ADD8 /* Kumify.app */,
				8C29E5482E05EDE900E7ADD8 /* Kumify.app */,
				8C29E5542E05EDE900E7ADD8 /* Extension.appex */,
				8C29E55E2E05EDE900E7ADD8 /* Extension.appex */,
			);
			name = Products;
			sourceTree = "<group>";
		};
		8C29E5382E05EDE900E7ADD8 /* iOS (App) */ = {
			isa = PBXGroup;
			children = (
				8C29E5392E05EDE900E7ADD8 /* AppDelegate.swift */,
				8C29E53B2E05EDE900E7ADD8 /* SceneDelegate.swift */,
				8C29E53D2E05EDE900E7ADD8 /* LaunchScreen.storyboard */,
				8C29E5402E05EDE900E7ADD8 /* Main.storyboard */,
				8C29E5432E05EDE900E7ADD8 /* Info.plist */,
			);
			path = "iOS (App)";
			sourceTree = "<group>";
		};
		8C29E5492E05EDE900E7ADD8 /* macOS (App) */ = {
			isa = PBXGroup;
			children = (
				8C29E54A2E05EDE900E7ADD8 /* AppDelegate.swift */,
				8C29E54C2E05EDE900E7ADD8 /* Main.storyboard */,
				8C29E54F2E05EDE900E7ADD8 /* Info.plist */,
			);
			path = "macOS (App)";
			sourceTree = "<group>";
		};
		8C29E5582E05EDE900E7ADD8 /* iOS (Extension) */ = {
			isa = PBXGroup;
			children = (
				8C29E5592E05EDE900E7ADD8 /* Info.plist */,
			);
			path = "iOS (Extension)";
			sourceTree = "<group>";
		};
		8C29E5622E05EDE900E7ADD8 /* macOS (Extension) */ = {
			isa = PBXGroup;
			children = (
				8C29E5632E05EDE900E7ADD8 /* Info.plist */,
			);
			path = "macOS (Extension)";
			sourceTree = "<group>";
		};
		8C29E5822E05EDE900E7ADD8 /* Resources */ = {
			isa = PBXGroup;
			children = (
				8C29E5832E05EDE900E7ADD8 /* popup.js */,
				8C29E5842E05EDE900E7ADD8 /* popup.html */,
				8C29E5852E05EDE900E7ADD8 /* readme.md */,
				8C29E5872E05EDE900E7ADD8 /* main.js */,
				8C29E5882E05EDE900E7ADD8 /* manifest.json */,
				8C29E5892E05EDE900E7ADD8 /* assets */,
			);
			name = Resources;
			path = "Shared (Extension)";
			sourceTree = SOURCE_ROOT;
		};
/* End PBXGroup section */

/* Begin PBXNativeTarget section */
		8C29E5352E05EDE900E7ADD8 /* Kumify (iOS) */ = {
			isa = PBXNativeTarget;
			buildConfigurationList = 8C29E5782E05EDE900E7ADD8 /* Build configuration list for PBXNativeTarget "Kumify (iOS)" */;
			buildPhases = (
				8C29E5322E05EDE900E7ADD8 /* Sources */,
				8C29E5332E05EDE900E7ADD8 /* Frameworks */,
				8C29E5342E05EDE900E7ADD8 /* Resources */,
				8C29E5772E05EDE900E7ADD8 /* Embed Foundation Extensions */,
			);
			buildRules = (
			);
			dependencies = (
				8C29E5572E05EDE900E7ADD8 /* PBXTargetDependency */,
			);
			name = "Kumify (iOS)";
			packageProductDependencies = (
			);
			productName = "Kumify (iOS)";
			productReference = 8C29E5362E05EDE900E7ADD8 /* Kumify.app */;
			productType = "com.apple.product-type.application";
		};
		8C29E5472E05EDE900E7ADD8 /* Kumify (macOS) */ = {
			isa = PBXNativeTarget;
			buildConfigurationList = 8C29E57F2E05EDE900E7ADD8 /* Build configuration list for PBXNativeTarget "Kumify (macOS)" */;
			buildPhases = (
				8C29E5442E05EDE900E7ADD8 /* Sources */,
				8C29E5452E05EDE900E7ADD8 /* Frameworks */,
				8C29E5462E05EDE900E7ADD8 /* Resources */,
				8C29E57E2E05EDE900E7ADD8 /* Embed Foundation Extensions */,
			);
			buildRules = (
			);
			dependencies = (
				8C29E5612E05EDE900E7ADD8 /* PBXTargetDependency */,
			);
			name = "Kumify (macOS)";
			packageProductDependencies = (
			);
			productName = "Kumify (macOS)";
			productReference = 8C29E5482E05EDE900E7ADD8 /* Kumify.app */;
			productType = "com.apple.product-type.application";
		};
		8C29E5532E05EDE900E7ADD8 /* Extension (iOS) */ = {
			isa = PBXNativeTarget;
			buildConfigurationList = 8C29E5742E05EDE900E7ADD8 /* Build configuration list for PBXNativeTarget "Extension (iOS)" */;
			buildPhases = (
				8C29E5502E05EDE900E7ADD8 /* Sources */,
				8C29E5512E05EDE900E7ADD8 /* Frameworks */,
				8C29E5522E05EDE900E7ADD8 /* Resources */,
			);
			buildRules = (
			);
			dependencies = (
			);
			name = "Extension (iOS)";
			packageProductDependencies = (
			);
			productName = "Kumify Extension (iOS)";
			productReference = 8C29E5542E05EDE900E7ADD8 /* Extension.appex */;
			productType = "com.apple.product-type.app-extension";
		};
		8C29E55D2E05EDE900E7ADD8 /* Extension (macOS) */ = {
			isa = PBXNativeTarget;
			buildConfigurationList = 8C29E57B2E05EDE900E7ADD8 /* Build configuration list for PBXNativeTarget "Extension (macOS)" */;
			buildPhases = (
				8C29E55A2E05EDE900E7ADD8 /* Sources */,
				8C29E55B2E05EDE900E7ADD8 /* Frameworks */,
				8C29E55C2E05EDE900E7ADD8 /* Resources */,
			);
			buildRules = (
			);
			dependencies = (
			);
			name = "Extension (macOS)";
			packageProductDependencies = (
			);
			productName = "Kumify Extension (macOS)";
			productReference = 8C29E55E2E05EDE900E7ADD8 /* Extension.appex */;
			productType = "com.apple.product-type.app-extension";
		};
/* End PBXNativeTarget section */

/* Begin PBXProject section */
		8C29E5232E05EDE800E7ADD8 /* Project object */ = {
			isa = PBXProject;
			attributes = {
				BuildIndependentTargetsInParallel = 1;
				LastSwiftUpdateCheck = 2600;
				LastUpgradeCheck = 2600;
				TargetAttributes = {
					8C29E5352E05EDE900E7ADD8 = {
						CreatedOnToolsVersion = 26.0;
					};
					8C29E5472E05EDE900E7ADD8 = {
						CreatedOnToolsVersion = 26.0;
					};
					8C29E5532E05EDE900E7ADD8 = {
						CreatedOnToolsVersion = 26.0;
					};
					8C29E55D2E05EDE900E7ADD8 = {
						CreatedOnToolsVersion = 26.0;
					};
				};
			};
			buildConfigurationList = 8C29E5262E05EDE800E7ADD8 /* Build configuration list for PBXProject "Kumify" */;
			developmentRegion = en;
			hasScannedForEncodings = 0;
			knownRegions = (
				en,
				Base,
			);
			mainGroup = 8C29E5222E05EDE800E7ADD8;
			minimizedProjectReferenceProxies = 1;
			preferredProjectObjectVersion = 77;
			productRefGroup = 8C29E5372E05EDE900E7ADD8 /* Products */;
			projectDirPath = "";
			projectRoot = "";
			targets = (
				8C29E5352E05EDE900E7ADD8 /* Kumify (iOS) */,
				8C29E5532E05EDE900E7ADD8 /* Extension (iOS) */,
				8C29E5472E05EDE900E7ADD8 /* Kumify (macOS) */,
				8C29E55D2E05EDE900E7ADD8 /* Extension (macOS) */,
			);
		};
/* End PBXProject section */

/* Begin PBXResourcesBuildPhase section */
		8C29E5342E05EDE900E7ADD8 /* Resources */ = {
			isa = PBXResourcesBuildPhase;
			buildActionMask = 2147483647;
			files = (
				8C29E5662E05EDE900E7ADD8 /* Icon.png in Resources */,
				8C29E53F2E05EDE900E7ADD8 /* LaunchScreen.storyboard in Resources */,
				8C29E5642E05EDE900E7ADD8 /* Main.html in Resources */,
				8C29E56A2E05EDE900E7ADD8 /* Script.js in Resources */,
				8C29E56E2E05EDE900E7ADD8 /* Assets.xcassets in Resources */,
				8C29E5422E05EDE900E7ADD8 /* Main.storyboard in Resources */,
				8C29E5682E05EDE900E7ADD8 /* Style.css in Resources */,
			);
			runOnlyForDeploymentPostprocessing = 0;
		};
		8C29E5462E05EDE900E7ADD8 /* Resources */ = {
			isa = PBXResourcesBuildPhase;
			buildActionMask = 2147483647;
			files = (
				8C29E5672E05EDE900E7ADD8 /* Icon.png in Resources */,
				8C29E5692E05EDE900E7ADD8 /* Style.css in Resources */,
				8C29E54E2E05EDE900E7ADD8 /* Main.storyboard in Resources */,
				8C29E56B2E05EDE900E7ADD8 /* Script.js in Resources */,
				8C29E56F2E05EDE900E7ADD8 /* Assets.xcassets in Resources */,
				8C29E5652E05EDE900E7ADD8 /* Main.html in Resources */,
			);
			runOnlyForDeploymentPostprocessing = 0;
		};
		8C29E5522E05EDE900E7ADD8 /* Resources */ = {
			isa = PBXResourcesBuildPhase;
			buildActionMask = 2147483647;
			files = (
				8C29E5912E05EDE900E7ADD8 /* popup.js in Resources */,
				8C29E5932E05EDE900E7ADD8 /* readme.md in Resources */,
				8C29E5972E05EDE900E7ADD8 /* assets in Resources */,
				8C29E5922E05EDE900E7ADD8 /* popup.html in Resources */,
				8C29E5962E05EDE900E7ADD8 /* manifest.json in Resources */,
				8C29E5952E05EDE900E7ADD8 /* main.js in Resources */,
			);
			runOnlyForDeploymentPostprocessing = 0;
		};
		8C29E55C2E05EDE900E7ADD8 /* Resources */ = {
			isa = PBXResourcesBuildPhase;
			buildActionMask = 2147483647;
			files = (
				8C29E58A2E05EDE900E7ADD8 /* popup.js in Resources */,
				8C29E58C2E05EDE900E7ADD8 /* readme.md in Resources */,
				8C29E5902E05EDE900E7ADD8 /* assets in Resources */,
				8C29E58B2E05EDE900E7ADD8 /* popup.html in Resources */,
				8C29E58F2E05EDE900E7ADD8 /* manifest.json in Resources */,
				8C29E58E2E05EDE900E7ADD8 /* main.js in Resources */,
			);
			runOnlyForDeploymentPostprocessing = 0;
		};
/* End PBXResourcesBuildPhase section */

/* Begin PBXSourcesBuildPhase section */
		8C29E5322E05EDE900E7ADD8 /* Sources */ = {
			isa = PBXSourcesBuildPhase;
			buildActionMask = 2147483647;
			files = (
				8C29E56C2E05EDE900E7ADD8 /* ViewController.swift in Sources */,
				8C29E53A2E05EDE900E7ADD8 /* AppDelegate.swift in Sources */,
				8C29E53C2E05EDE900E7ADD8 /* SceneDelegate.swift in Sources */,
			);
			runOnlyForDeploymentPostprocessing = 0;
		};
		8C29E5442E05EDE900E7ADD8 /* Sources */ = {
			isa = PBXSourcesBuildPhase;
			buildActionMask = 2147483647;
			files = (
				8C29E56D2E05EDE900E7ADD8 /* ViewController.swift in Sources */,
				8C29E54B2E05EDE900E7ADD8 /* AppDelegate.swift in Sources */,
			);
			runOnlyForDeploymentPostprocessing = 0;
		};
		8C29E5502E05EDE900E7ADD8 /* Sources */ = {
			isa = PBXSourcesBuildPhase;
			buildActionMask = 2147483647;
			files = (
				8C29E5702E05EDE900E7ADD8 /* SafariWebExtensionHandler.swift in Sources */,
			);
			runOnlyForDeploymentPostprocessing = 0;
		};
		8C29E55A2E05EDE900E7ADD8 /* Sources */ = {
			isa = PBXSourcesBuildPhase;
			buildActionMask = 2147483647;
			files = (
				8C29E5712E05EDE900E7ADD8 /* SafariWebExtensionHandler.swift in Sources */,
			);
			runOnlyForDeploymentPostprocessing = 0;
		};
/* End PBXSourcesBuildPhase section */

/* Begin PBXTargetDependency section */
		8C29E5572E05EDE900E7ADD8 /* PBXTargetDependency */ = {
			isa = PBXTargetDependency;
			target = 8C29E5532E05EDE900E7ADD8 /* Extension (iOS) */;
			targetProxy = 8C29E5562E05EDE900E7ADD8 /* PBXContainerItemProxy */;
		};
		8C29E5612E05EDE900E7ADD8 /* PBXTargetDependency */ = {
			isa = PBXTargetDependency;
			target = 8C29E55D2E05EDE900E7ADD8 /* Extension (macOS) */;
			targetProxy = 8C29E5602E05EDE900E7ADD8 /* PBXContainerItemProxy */;
		};
/* End PBXTargetDependency section */

/* Begin PBXVariantGroup section */
		8C29E5292E05EDE800E7ADD8 /* Main.html */ = {
			isa = PBXVariantGroup;
			children = (
				8C29E52A2E05EDE800E7ADD8 /* Base */,
			);
			name = Main.html;
			sourceTree = "<group>";
		};
		8C29E53D2E05EDE900E7ADD8 /* LaunchScreen.storyboard */ = {
			isa = PBXVariantGroup;
			children = (
				8C29E53E2E05EDE900E7ADD8 /* Base */,
			);
			name = LaunchScreen.storyboard;
			sourceTree = "<group>";
		};
		8C29E5402E05EDE900E7ADD8 /* Main.storyboard */ = {
			isa = PBXVariantGroup;
			children = (
				8C29E5412E05EDE900E7ADD8 /* Base */,
			);
			name = Main.storyboard;
			sourceTree = "<group>";
		};
		8C29E54C2E05EDE900E7ADD8 /* Main.storyboard */ = {
			isa = PBXVariantGroup;
			children = (
				8C29E54D2E05EDE900E7ADD8 /* Base */,
			);
			name = Main.storyboard;
			sourceTree = "<group>";
		};
/* End PBXVariantGroup section */

/* Begin XCBuildConfiguration section */
		8C29E5722E05EDE900E7ADD8 /* Debug */ = {
			isa = XCBuildConfiguration;
			buildSettings = {
				ALWAYS_SEARCH_USER_PATHS = NO;
				ASSETCATALOG_COMPILER_GENERATE_SWIFT_ASSET_SYMBOL_EXTENSIONS = YES;
				CLANG_ANALYZER_NONNULL = YES;
				CLANG_ANALYZER_NUMBER_OBJECT_CONVERSION = YES_AGGRESSIVE;
				CLANG_CXX_LANGUAGE_STANDARD = "gnu++20";
				CLANG_ENABLE_MODULES = YES;
				CLANG_ENABLE_OBJC_ARC = YES;
				CLANG_ENABLE_OBJC_WEAK = YES;
				CLANG_WARN_BLOCK_CAPTURE_AUTORELEASING = YES;
				CLANG_WARN_BOOL_CONVERSION = YES;
				CLANG_WARN_COMMA = YES;
				CLANG_WARN_CONSTANT_CONVERSION = YES;
				CLANG_WARN_DEPRECATED_OBJC_IMPLEMENTATIONS = YES;
				CLANG_WARN_DIRECT_OBJC_ISA_USAGE = YES_ERROR;
				CLANG_WARN_DOCUMENTATION_COMMENTS = YES;
				CLANG_WARN_EMPTY_BODY = YES;
				CLANG_WARN_ENUM_CONVERSION = YES;
				CLANG_WARN_INFINITE_RECURSION = YES;
				CLANG_WARN_INT_CONVERSION = YES;
				CLANG_WARN_NON_LITERAL_NULL_CONVERSION = YES;
				CLANG_WARN_OBJC_IMPLICIT_RETAIN_SELF = YES;
				CLANG_WARN_OBJC_LITERAL_CONVERSION = YES;
				CLANG_WARN_OBJC_ROOT_CLASS = YES_ERROR;
				CLANG_WARN_QUOTED_INCLUDE_IN_FRAMEWORK_HEADER = YES;
				CLANG_WARN_RANGE_LOOP_ANALYSIS = YES;
				CLANG_WARN_STRICT_PROTOTYPES = YES;
				CLANG_WARN_SUSPICIOUS_MOVE = YES;
				CLANG_WARN_UNGUARDED_AVAILABILITY = YES_AGGRESSIVE;
				CLANG_WARN_UNREACHABLE_CODE = YES;
				CLANG_WARN__DUPLICATE_METHOD_MATCH = YES;
				COPY_PHASE_STRIP = NO;
				DEBUG_INFORMATION_FORMAT = dwarf;
				ENABLE_STRICT_OBJC_MSGSEND = YES;
				ENABLE_TESTABILITY = YES;
				ENABLE_USER_SCRIPT_SANDBOXING = YES;
				GCC_C_LANGUAGE_STANDARD = gnu17;
				GCC_DYNAMIC_NO_PIC = NO;
				GCC_NO_COMMON_BLOCKS = YES;
				GCC_OPTIMIZATION_LEVEL = 0;
				GCC_PREPROCESSOR_DEFINITIONS = (
					"DEBUG=1",
					"$(inherited)",
				);
				GCC_WARN_64_TO_32_BIT_CONVERSION = YES;
				GCC_WARN_ABOUT_RETURN_TYPE = YES_ERROR;
				GCC_WARN_UNDECLARED_SELECTOR = YES;
				GCC_WARN_UNINITIALIZED_AUTOS = YES_AGGRESSIVE;
				GCC_WARN_UNUSED_FUNCTION = YES;
				GCC_WARN_UNUSED_VARIABLE = YES;
				LOCALIZATION_PREFERS_STRING_CATALOGS = YES;
				MTL_ENABLE_DEBUG_INFO = INCLUDE_SOURCE;
				MTL_FAST_MATH = YES;
				ONLY_ACTIVE_ARCH = YES;
				SWIFT_ACTIVE_COMPILATION_CONDITIONS = "DEBUG $(inherited)";
				SWIFT_OPTIMIZATION_LEVEL = "-Onone";
			};
			name = Debug;
		};
		8C29E5732E05EDE900E7ADD8 /* Release */ = {
			isa = XCBuildConfiguration;
			buildSettings = {
				ALWAYS_SEARCH_USER_PATHS = NO;
				ASSETCATALOG_COMPILER_GENERATE_SWIFT_ASSET_SYMBOL_EXTENSIONS = YES;
				CLANG_ANALYZER_NONNULL = YES;
				CLANG_ANALYZER_NUMBER_OBJECT_CONVERSION = YES_AGGRESSIVE;
				CLANG_CXX_LANGUAGE_STANDARD = "gnu++20";
				CLANG_ENABLE_MODULES = YES;
				CLANG_ENABLE_OBJC_ARC = YES;
				CLANG_ENABLE_OBJC_WEAK = YES;
				CLANG_WARN_BLOCK_CAPTURE_AUTORELEASING = YES;
				CLANG_WARN_BOOL_CONVERSION = YES;
				CLANG_WARN_COMMA = YES;
				CLANG_WARN_CONSTANT_CONVERSION = YES;
				CLANG_WARN_DEPRECATED_OBJC_IMPLEMENTATIONS = YES;
				CLANG_WARN_DIRECT_OBJC_ISA_USAGE = YES_ERROR;
				CLANG_WARN_DOCUMENTATION_COMMENTS = YES;
				CLANG_WARN_EMPTY_BODY = YES;
				CLANG_WARN_ENUM_CONVERSION = YES;
				CLANG_WARN_INFINITE_RECURSION = YES;
				CLANG_WARN_INT_CONVERSION = YES;
				CLANG_WARN_NON_LITERAL_NULL_CONVERSION = YES;
				CLANG_WARN_OBJC_IMPLICIT_RETAIN_SELF = YES;
				CLANG_WARN_OBJC_LITERAL_CONVERSION = YES;
				CLANG_WARN_OBJC_ROOT_CLASS = YES_ERROR;
				CLANG_WARN_QUOTED_INCLUDE_IN_FRAMEWORK_HEADER = YES;
				CLANG_WARN_RANGE_LOOP_ANALYSIS = YES;
				CLANG_WARN_STRICT_PROTOTYPES = YES;
				CLANG_WARN_SUSPICIOUS_MOVE = YES;
				CLANG_WARN_UNGUARDED_AVAILABILITY = YES_AGGRESSIVE;
				CLANG_WARN_UNREACHABLE_CODE = YES;
				CLANG_WARN__DUPLICATE_METHOD_MATCH = YES;
				COPY_PHASE_STRIP = NO;
				DEBUG_INFORMATION_FORMAT = "dwarf-with-dsym";
				ENABLE_NS_ASSERTIONS = NO;
				ENABLE_STRICT_OBJC_MSGSEND = YES;
				ENABLE_USER_SCRIPT_SANDBOXING = YES;
				GCC_C_LANGUAGE_STANDARD = gnu17;
				GCC_NO_COMMON_BLOCKS = YES;
				GCC_WARN_64_TO_32_BIT_CONVERSION = YES;
				GCC_WARN_ABOUT_RETURN_TYPE = YES_ERROR;
				GCC_WARN_UNDECLARED_SELECTOR = YES;
				GCC_WARN_UNINITIALIZED_AUTOS = YES_AGGRESSIVE;
				GCC_WARN_UNUSED_FUNCTION = YES;
				GCC_WARN_UNUSED_VARIABLE = YES;
				LOCALIZATION_PREFERS_STRING_CATALOGS = YES;
				MTL_ENABLE_DEBUG_INFO = NO;
				MTL_FAST_MATH = YES;
				SWIFT_COMPILATION_MODE = wholemodule;
			};
			name = Release;
		};
		8C29E5752E05EDE900E7ADD8 /* Debug */ = {
			isa = XCBuildConfiguration;
			buildSettings = {
				CODE_SIGN_STYLE = Automatic;
				CURRENT_PROJECT_VERSION = 1;
				DEVELOPMENT_TEAM = 9JBW2N5XXV;
				GENERATE_INFOPLIST_FILE = YES;
				INFOPLIST_FILE = "iOS (Extension)/Info.plist";
				INFOPLIST_KEY_CFBundleDisplayName = Kumify;
				INFOPLIST_KEY_NSHumanReadableCopyright = "";
				IPHONEOS_DEPLOYMENT_TARGET = 15.0;
				LD_RUNPATH_SEARCH_PATHS = (
					"$(inherited)",
					"@executable_path/Frameworks",
					"@executable_path/../../Frameworks",
				);
				MARKETING_VERSION = 2025.620.0;
				OTHER_LDFLAGS = (
					"-framework",
					SafariServices,
				);
				PRODUCT_BUNDLE_IDENTIFIER = com.stepbrobd.kumify.extension;
				PRODUCT_NAME = Extension;
				SDKROOT = iphoneos;
				SKIP_INSTALL = YES;
				STRING_CATALOG_GENERATE_SYMBOLS = YES;
				SWIFT_EMIT_LOC_STRINGS = YES;
				SWIFT_UPCOMING_FEATURE_MEMBER_IMPORT_VISIBILITY = YES;
				SWIFT_VERSION = 5.0;
				TARGETED_DEVICE_FAMILY = "1,2";
			};
			name = Debug;
		};
		8C29E5762E05EDE900E7ADD8 /* Release */ = {
			isa = XCBuildConfiguration;
			buildSettings = {
				CODE_SIGN_STYLE = Automatic;
				CURRENT_PROJECT_VERSION = 1;
				DEVELOPMENT_TEAM = 9JBW2N5XXV;
				GENERATE_INFOPLIST_FILE = YES;
				INFOPLIST_FILE = "iOS (Extension)/Info.plist";
				INFOPLIST_KEY_CFBundleDisplayName = Kumify;
				INFOPLIST_KEY_NSHumanReadableCopyright = "";
				IPHONEOS_DEPLOYMENT_TARGET = 15.0;
				LD_RUNPATH_SEARCH_PATHS = (
					"$(inherited)",
					"@executable_path/Frameworks",
					"@executable_path/../../Frameworks",
				);
				MARKETING_VERSION = 2025.620.0;
				OTHER_LDFLAGS = (
					"-framework",
					SafariServices,
				);
				PRODUCT_BUNDLE_IDENTIFIER = com.stepbrobd.kumify.extension;
				PRODUCT_NAME = Extension;
				SDKROOT = iphoneos;
				SKIP_INSTALL = YES;
				STRING_CATALOG_GENERATE_SYMBOLS = YES;
				SWIFT_EMIT_LOC_STRINGS = YES;
				SWIFT_UPCOMING_FEATURE_MEMBER_IMPORT_VISIBILITY = YES;
				SWIFT_VERSION = 5.0;
				TARGETED_DEVICE_FAMILY = "1,2";
				VALIDATE_PRODUCT = YES;
			};
			name = Release;
		};
		8C29E5792E05EDE900E7ADD8 /* Debug */ = {
			isa = XCBuildConfiguration;
			buildSettings = {
				ASSETCATALOG_COMPILER_APPICON_NAME = AppIcon;
				ASSETCATALOG_COMPILER_GLOBAL_ACCENT_COLOR_NAME = AccentColor;
				CODE_SIGN_STYLE = Automatic;
				CURRENT_PROJECT_VERSION = 1;
				DEVELOPMENT_TEAM = 9JBW2N5XXV;
				GENERATE_INFOPLIST_FILE = YES;
				INFOPLIST_FILE = "iOS (App)/Info.plist";
				INFOPLIST_KEY_CFBundleDisplayName = Kumify;
				INFOPLIST_KEY_LSApplicationCategoryType = "public.app-category.utilities";
				INFOPLIST_KEY_UIApplicationSupportsIndirectInputEvents = YES;
				INFOPLIST_KEY_UILaunchStoryboardName = LaunchScreen;
				INFOPLIST_KEY_UIMainStoryboardFile = Main;
				INFOPLIST_KEY_UISupportedInterfaceOrientations = "UIInterfaceOrientationPortrait UIInterfaceOrientationLandscapeLeft UIInterfaceOrientationLandscapeRight";
				INFOPLIST_KEY_UISupportedInterfaceOrientations_iPad = "UIInterfaceOrientationPortrait UIInterfaceOrientationPortraitUpsideDown UIInterfaceOrientationLandscapeLeft UIInterfaceOrientationLandscapeRight";
				IPHONEOS_DEPLOYMENT_TARGET = 15.0;
				LD_RUNPATH_SEARCH_PATHS = (
					"$(inherited)",
					"@executable_path/Frameworks",
				);
				MARKETING_VERSION = 2025.620.0;
				OTHER_LDFLAGS = (
					"-framework",
					SafariServices,
					"-framework",
					WebKit,
				);
				PRODUCT_BUNDLE_IDENTIFIER = com.stepbrobd.kumify;
				PRODUCT_NAME = Kumify;
				SDKROOT = iphoneos;
				STRING_CATALOG_GENERATE_SYMBOLS = YES;
				SWIFT_DEFAULT_ACTOR_ISOLATION = MainActor;
				SWIFT_EMIT_LOC_STRINGS = YES;
				SWIFT_UPCOMING_FEATURE_MEMBER_IMPORT_VISIBILITY = YES;
				SWIFT_VERSION = 5.0;
				TARGETED_DEVICE_FAMILY = "1,2";
			};
			name = Debug;
		};
		8C29E57A2E05EDE900E7ADD8 /* Release */ = {
			isa = XCBuildConfiguration;
			buildSettings = {
				ASSETCATALOG_COMPILER_APPICON_NAME = AppIcon;
				ASSETCATALOG_COMPILER_GLOBAL_ACCENT_COLOR_NAME = AccentColor;
				CODE_SIGN_STYLE = Automatic;
				CURRENT_PROJECT_VERSION = 1;
				DEVELOPMENT_TEAM = 9JBW2N5XXV;
				GENERATE_INFOPLIST_FILE = YES;
				INFOPLIST_FILE = "iOS (App)/Info.plist";
				INFOPLIST_KEY_CFBundleDisplayName = Kumify;
				INFOPLIST_KEY_LSApplicationCategoryType = "public.app-category.utilities";
				INFOPLIST_KEY_UIApplicationSupportsIndirectInputEvents = YES;
				INFOPLIST_KEY_UILaunchStoryboardName = LaunchScreen;
				INFOPLIST_KEY_UIMainStoryboardFile = Main;
				INFOPLIST_KEY_UISupportedInterfaceOrientations = "UIInterfaceOrientationPortrait UIInterfaceOrientationLandscapeLeft UIInterfaceOrientationLandscapeRight";
				INFOPLIST_KEY_UISupportedInterfaceOrientations_iPad = "UIInterfaceOrientationPortrait UIInterfaceOrientationPortraitUpsideDown UIInterfaceOrientationLandscapeLeft UIInterfaceOrientationLandscapeRight";
				IPHONEOS_DEPLOYMENT_TARGET = 15.0;
				LD_RUNPATH_SEARCH_PATHS = (
					"$(inherited)",
					"@executable_path/Frameworks",
				);
				MARKETING_VERSION = 2025.620.0;
				OTHER_LDFLAGS = (
					"-framework",
					SafariServices,
					"-framework",
					WebKit,
				);
				PRODUCT_BUNDLE_IDENTIFIER = com.stepbrobd.kumify;
				PRODUCT_NAME = Kumify;
				SDKROOT = iphoneos;
				STRING_CATALOG_GENERATE_SYMBOLS = YES;
				SWIFT_DEFAULT_ACTOR_ISOLATION = MainActor;
				SWIFT_EMIT_LOC_STRINGS = YES;
				SWIFT_UPCOMING_FEATURE_MEMBER_IMPORT_VISIBILITY = YES;
				SWIFT_VERSION = 5.0;
				TARGETED_DEVICE_FAMILY = "1,2";
				VALIDATE_PRODUCT = YES;
			};
			name = Release;
		};
		8C29E57C2E05EDE900E7ADD8 /* Debug */ = {
			isa = XCBuildConfiguration;
			buildSettings = {
				CODE_SIGN_STYLE = Automatic;
				CURRENT_PROJECT_VERSION = 1;
				DEVELOPMENT_TEAM = 9JBW2N5XXV;
				ENABLE_APP_SANDBOX = YES;
				ENABLE_HARDENED_RUNTIME = YES;
				ENABLE_USER_SELECTED_FILES = readonly;
				GENERATE_INFOPLIST_FILE = YES;
				INFOPLIST_FILE = "macOS (Extension)/Info.plist";
				INFOPLIST_KEY_CFBundleDisplayName = Kumify;
				INFOPLIST_KEY_NSHumanReadableCopyright = "";
				LD_RUNPATH_SEARCH_PATHS = (
					"$(inherited)",
					"@executable_path/../Frameworks",
					"@executable_path/../../../../Frameworks",
				);
				MACOSX_DEPLOYMENT_TARGET = 10.14;
				MARKETING_VERSION = 2025.620.0;
				OTHER_LDFLAGS = (
					"-framework",
					SafariServices,
				);
				PRODUCT_BUNDLE_IDENTIFIER = com.stepbrobd.kumify.extension;
				PRODUCT_NAME = Extension;
				SDKROOT = macosx;
				SKIP_INSTALL = YES;
				STRING_CATALOG_GENERATE_SYMBOLS = YES;
				SWIFT_EMIT_LOC_STRINGS = YES;
				SWIFT_UPCOMING_FEATURE_MEMBER_IMPORT_VISIBILITY = YES;
				SWIFT_VERSION = 5.0;
			};
			name = Debug;
		};
		8C29E57D2E05EDE900E7ADD8 /* Release */ = {
			isa = XCBuildConfiguration;
			buildSettings = {
				CODE_SIGN_STYLE = Automatic;
				CURRENT_PROJECT_VERSION = 1;
				DEVELOPMENT_TEAM = 9JBW2N5XXV;
				ENABLE_APP_SANDBOX = YES;
				ENABLE_HARDENED_RUNTIME = YES;
				ENABLE_USER_SELECTED_FILES = readonly;
				GENERATE_INFOPLIST_FILE = YES;
				INFOPLIST_FILE = "macOS (Extension)/Info.plist";
				INFOPLIST_KEY_CFBundleDisplayName = Kumify;
				INFOPLIST_KEY_NSHumanReadableCopyright = "";
				LD_RUNPATH_SEARCH_PATHS = (
					"$(inherited)",
					"@executable_path/../Frameworks",
					"@executable_path/../../../../Frameworks",
				);
				MACOSX_DEPLOYMENT_TARGET = 10.14;
				MARKETING_VERSION = 2025.620.0;
				OTHER_LDFLAGS = (
					"-framework",
					SafariServices,
				);
				PRODUCT_BUNDLE_IDENTIFIER = com.stepbrobd.kumify.extension;
				PRODUCT_NAME = Extension;
				SDKROOT = macosx;
				SKIP_INSTALL = YES;
				STRING_CATALOG_GENERATE_SYMBOLS = YES;
				SWIFT_EMIT_LOC_STRINGS = YES;
				SWIFT_UPCOMING_FEATURE_MEMBER_IMPORT_VISIBILITY = YES;
				SWIFT_VERSION = 5.0;
			};
			name = Release;
		};
		8C29E5802E05EDE900E7ADD8 /* Debug */ = {
			isa = XCBuildConfiguration;
			buildSettings = {
				ASSETCATALOG_COMPILER_APPICON_NAME = AppIcon;
				ASSETCATALOG_COMPILER_GLOBAL_ACCENT_COLOR_NAME = AccentColor;
				"CODE_SIGN_IDENTITY[sdk=macosx*]" = "Apple Development";
				CODE_SIGN_STYLE = Automatic;
				CURRENT_PROJECT_VERSION = 1;
				DEVELOPMENT_TEAM = 9JBW2N5XXV;
				ENABLE_APP_SANDBOX = YES;
				ENABLE_HARDENED_RUNTIME = YES;
				ENABLE_OUTGOING_NETWORK_CONNECTIONS = YES;
				ENABLE_USER_SELECTED_FILES = readonly;
				GENERATE_INFOPLIST_FILE = YES;
				INFOPLIST_FILE = "macOS (App)/Info.plist";
				INFOPLIST_KEY_CFBundleDisplayName = Kumify;
				INFOPLIST_KEY_LSApplicationCategoryType = "public.app-category.utilities";
				INFOPLIST_KEY_NSMainStoryboardFile = Main;
				INFOPLIST_KEY_NSPrincipalClass = NSApplication;
				LD_RUNPATH_SEARCH_PATHS = (
					"$(inherited)",
					"@executable_path/../Frameworks",
				);
				MACOSX_DEPLOYMENT_TARGET = 10.14;
				MARKETING_VERSION = 2025.620.0;
				OTHER_LDFLAGS = (
					"-framework",
					SafariServices,
					"-framework",
					WebKit,
				);
				PRODUCT_BUNDLE_IDENTIFIER = com.stepbrobd.kumify;
				PRODUCT_NAME = Kumify;
				REGISTER_APP_GROUPS = YES;
				SDKROOT = macosx;
				STRING_CATALOG_GENERATE_SYMBOLS = YES;
				SWIFT_DEFAULT_ACTOR_ISOLATION = MainActor;
				SWIFT_EMIT_LOC_STRINGS = YES;
				SWIFT_UPCOMING_FEATURE_MEMBER_IMPORT_VISIBILITY = YES;
				SWIFT_VERSION = 5.0;
			};
			name = Debug;
		};
		8C29E5812E05EDE900E7ADD8 /* Release */ = {
			isa = XCBuildConfiguration;
			buildSettings = {
				ASSETCATALOG_COMPILER_APPICON_NAME = AppIcon;
				ASSETCATALOG_COMPILER_GLOBAL_ACCENT_COLOR_NAME = AccentColor;
				"CODE_SIGN_IDENTITY[sdk=macosx*]" = "Apple Development";
				CODE_SIGN_STYLE = Automatic;
				CURRENT_PROJECT_VERSION = 1;
				DEVELOPMENT_TEAM = 9JBW2N5XXV;
				ENABLE_APP_SANDBOX = YES;
				ENABLE_HARDENED_RUNTIME = YES;
				ENABLE_OUTGOING_NETWORK_CONNECTIONS = YES;
				ENABLE_USER_SELECTED_FILES = readonly;
				GENERATE_INFOPLIST_FILE = YES;
				INFOPLIST_FILE = "macOS (App)/Info.plist";
				INFOPLIST_KEY_CFBundleDisplayName = Kumify;
				INFOPLIST_KEY_LSApplicationCategoryType = "public.app-category.utilities";
				INFOPLIST_KEY_NSMainStoryboardFile = Main;
				INFOPLIST_KEY_NSPrincipalClass = NSApplication;
				LD_RUNPATH_SEARCH_PATHS = (
					"$(inherited)",
					"@executable_path/../Frameworks",
				);
				MACOSX_DEPLOYMENT_TARGET = 10.14;
				MARKETING_VERSION = 2025.620.0;
				OTHER_LDFLAGS = (
					"-framework",
					SafariServices,
					"-framework",
					WebKit,
				);
				PRODUCT_BUNDLE_IDENTIFIER = com.stepbrobd.kumify;
				PRODUCT_NAME = Kumify;
				REGISTER_APP_GROUPS = YES;
				SDKROOT = macosx;
				STRING_CATALOG_GENERATE_SYMBOLS = YES;
				SWIFT_DEFAULT_ACTOR_ISOLATION = MainActor;
				SWIFT_EMIT_LOC_STRINGS = YES;
				SWIFT_UPCOMING_FEATURE_MEMBER_IMPORT_VISIBILITY = YES;
				SWIFT_VERSION = 5.0;
			};
			name = Release;
		};
/* End XCBuildConfiguration section */

/* Begin XCConfigurationList section */
		8C29E5262E05EDE800E7ADD8 /* Build configuration list for PBXProject "Kumify" */ = {
			isa = XCConfigurationList;
			buildConfigurations = (
				8C29E5722E05EDE900E7ADD8 /* Debug */,
				8C29E5732E05EDE900E7ADD8 /* Release */,
			);
			defaultConfigurationIsVisible = 0;
			defaultConfigurationName = Release;
		};
		8C29E5742E05EDE900E7ADD8 /* Build configuration list for PBXNativeTarget "Extension (iOS)" */ = {
			isa = XCConfigurationList;
			buildConfigurations = (
				8C29E5752E05EDE900E7ADD8 /* Debug */,
				8C29E5762E05EDE900E7ADD8 /* Release */,
			);
			defaultConfigurationIsVisible = 0;
			defaultConfigurationName = Release;
		};
		8C29E5782E05EDE900E7ADD8 /* Build configuration list for PBXNativeTarget "Kumify (iOS)" */ = {
			isa = XCConfigurationList;
			buildConfigurations = (
				8C29E5792E05EDE900E7ADD8 /* Debug */,
				8C29E57A2E05EDE900E7ADD8 /* Release */,
			);
			defaultConfigurationIsVisible = 0;
			defaultConfigurationName = Release;
		};
		8C29E57B2E05EDE900E7ADD8 /* Build configuration list for PBXNativeTarget "Extension (macOS)" */ = {
			isa = XCConfigurationList;
			buildConfigurations = (
				8C29E57C2E05EDE900E7ADD8 /* Debug */,
				8C29E57D2E05EDE900E7ADD8 /* Release */,
			);
			defaultConfigurationIsVisible = 0;
			defaultConfigurationName = Release;
		};
		8C29E57F2E05EDE900E7ADD8 /* Build configuration list for PBXNativeTarget "Kumify (macOS)" */ = {
			isa = XCConfigurationList;
			buildConfigurations = (
				8C29E5802E05EDE900E7ADD8 /* Debug */,
				8C29E5812E05EDE900E7ADD8 /* Release */,
			);
			defaultConfigurationIsVisible = 0;
			defaultConfigurationName = Release;
		};
/* End XCConfigurationList section */
	};
	rootObject = 8C29E5232E05EDE800E7ADD8 /* Project object */;
}
